
Microsoft Visual Studio Solution File, Format Version 12.00
# Visual Studio 15
VisualStudioVersion = 15.0.28307.106
MinimumVisualStudioVersion = 10.0.40219.1
Project("{2150E333-8FDC-42A3-9474-1A3956D46DE8}") = "Datos", "Datos", "{EA165656-25B9-4B40-88F6-F6A50B6D60BD}"
EndProject
Project("{2150E333-8FDC-42A3-9474-1A3956D46DE8}") = "Dominio", "Dominio", "{DC50F06C-45AD-4802-A1C9-B8C545C0EFFC}"
EndProject
Project("{2150E333-8FDC-42A3-9474-1A3956D46DE8}") = "Servicios", "Servicios", "{E86E7F0D-BCD5-4FA4-9574-94BB85F84EF0}"
EndProject
Project("{2150E333-8FDC-42A3-9474-1A3956D46DE8}") = "Presentacion", "Presentacion", "{F6468CC1-18B3-44A5-B100-522163A5FF75}"
EndProject
Project("{FAE04EC0-301F-11D3-BF4B-00C04F79EFBC}") = "LAPEM.Informatica.GestionSw.Presentacion", "..\LAPEM.Informatica.GestionSw.Presentacion\LAPEM.Informatica.GestionSw.Presentacion.csproj", "{B2960283-AC7F-44F4-830F-018F5ECAD883}"
EndProject
Global
	GlobalSection(SolutionConfigurationPlatforms) = preSolution
		Debug|Any CPU = Debug|Any CPU
		Release|Any CPU = Release|Any CPU
	EndGlobalSection
	GlobalSection(ProjectConfigurationPlatforms) = postSolution
		{B2960283-AC7F-44F4-830F-018F5ECAD883}.Debug|Any CPU.ActiveCfg = Debug|Any CPU
		{B2960283-AC7F-44F4-830F-018F5ECAD883}.Debug|Any CPU.Build.0 = Debug|Any CPU
		{B2960283-AC7F-44F4-830F-018F5ECAD883}.Release|Any CPU.ActiveCfg = Release|Any CPU
		{B2960283-AC7F-44F4-830F-018F5ECAD883}.Release|Any CPU.Build.0 = Release|Any CPU
	EndGlobalSection
	GlobalSection(SolutionProperties) = preSolution
		HideSolutionNode = FALSE
	EndGlobalSection
	GlobalSection(NestedProjects) = preSolution
		{B2960283-AC7F-44F4-830F-018F5ECAD883} = {F6468CC1-18B3-44A5-B100-522163A5FF75}
	EndGlobalSection
	GlobalSection(ExtensibilityGlobals) = postSolution
		SolutionGuid = {EF79A1CB-BF24-492B-9002-DDF2850B6CB5}
	EndGlobalSection
EndGlobal
